
Microsoft Visual Studio Solution File, Format Version 12.00
# Visual Studio Version 16
VisualStudioVersion = 16.0.31410.357
MinimumVisualStudioVersion = 10.0.40219.1
Project("{9A19103F-16F7-4668-BE54-9A1E7A4F7556}") = "HW_02_task_3", "HW_02_task_3\HW_02_task_3.csproj", "{706B71E1-DC03-4852-88AE-2E3FAFF4A71B}"
EndProject
Project("{9A19103F-16F7-4668-BE54-9A1E7A4F7556}") = "HW_02_task_4", "HW_02_task_4\HW_02_task_4.csproj", "{9A9729D6-FA5B-43DE-A20A-3BDF655B4C54}"
EndProject
Project("{9A19103F-16F7-4668-BE54-9A1E7A4F7556}") = "HW_02_task_1", "HW_02_task_1\HW_02_task_1.csproj", "{B98066FD-6193-4F47-A046-EF0240DA4148}"
EndProject
Project("{9A19103F-16F7-4668-BE54-9A1E7A4F7556}") = "HW_02_task_5", "HW_02_task_5\HW_02_task_5.csproj", "{8FE18D3B-C8C7-41AB-B58D-60DABF91BC26}"
EndProject
Project("{FAE04EC0-301F-11D3-BF4B-00C04F79EFBC}") = "HW_07_task1", "HW_07\HW_07_task1\HW_07_task1.csproj", "{2FB59C7D-5D94-43E0-BFA5-453EC4C67384}"
EndProject
Project("{FAE04EC0-301F-11D3-BF4B-00C04F79EFBC}") = "HW_07_task2", "HW_07\HW_07_task2\HW_07_task2.csproj", "{2FCAA929-8114-4C68-8B9E-85B7E6D25F51}"
EndProject
Project("{FAE04EC0-301F-11D3-BF4B-00C04F79EFBC}") = "HW_07_task3", "HW_07\HW_07_task3\HW_07_task3.csproj", "{B5196C4E-D264-450B-8D26-D49A98B999C5}"
EndProject
Project("{FAE04EC0-301F-11D3-BF4B-00C04F79EFBC}") = "HW_07.Booking.Com", "HW_07\HW_07.Booking.Com\HW_07.Booking.Com.csproj", "{F1D32590-9A81-4BBF-86A1-7FF2348A17A3}"
EndProject
Global
	GlobalSection(SolutionConfigurationPlatforms) = preSolution
		Debug|Any CPU = Debug|Any CPU
		Release|Any CPU = Release|Any CPU
	EndGlobalSection
	GlobalSection(ProjectConfigurationPlatforms) = postSolution
		{706B71E1-DC03-4852-88AE-2E3FAFF4A71B}.Debug|Any CPU.ActiveCfg = Debug|Any CPU
		{706B71E1-DC03-4852-88AE-2E3FAFF4A71B}.Debug|Any CPU.Build.0 = Debug|Any CPU
		{706B71E1-DC03-4852-88AE-2E3FAFF4A71B}.Release|Any CPU.ActiveCfg = Release|Any CPU
		{706B71E1-DC03-4852-88AE-2E3FAFF4A71B}.Release|Any CPU.Build.0 = Release|Any CPU
		{9A9729D6-FA5B-43DE-A20A-3BDF655B4C54}.Debug|Any CPU.ActiveCfg = Debug|Any CPU
		{9A9729D6-FA5B-43DE-A20A-3BDF655B4C54}.Debug|Any CPU.Build.0 = Debug|Any CPU
		{9A9729D6-FA5B-43DE-A20A-3BDF655B4C54}.Release|Any CPU.ActiveCfg = Release|Any CPU
		{9A9729D6-FA5B-43DE-A20A-3BDF655B4C54}.Release|Any CPU.Build.0 = Release|Any CPU
		{B98066FD-6193-4F47-A046-EF0240DA4148}.Debug|Any CPU.ActiveCfg = Debug|Any CPU
		{B98066FD-6193-4F47-A046-EF0240DA4148}.Debug|Any CPU.Build.0 = Debug|Any CPU
		{B98066FD-6193-4F47-A046-EF0240DA4148}.Release|Any CPU.ActiveCfg = Release|Any CPU
		{B98066FD-6193-4F47-A046-EF0240DA4148}.Release|Any CPU.Build.0 = Release|Any CPU
		{8FE18D3B-C8C7-41AB-B58D-60DABF91BC26}.Debug|Any CPU.ActiveCfg = Debug|Any CPU
		{8FE18D3B-C8C7-41AB-B58D-60DABF91BC26}.Debug|Any CPU.Build.0 = Debug|Any CPU
		{8FE18D3B-C8C7-41AB-B58D-60DABF91BC26}.Release|Any CPU.ActiveCfg = Release|Any CPU
		{8FE18D3B-C8C7-41AB-B58D-60DABF91BC26}.Release|Any CPU.Build.0 = Release|Any CPU
		{2FB59C7D-5D94-43E0-BFA5-453EC4C67384}.Debug|Any CPU.ActiveCfg = Debug|Any CPU
		{2FB59C7D-5D94-43E0-BFA5-453EC4C67384}.Debug|Any CPU.Build.0 = Debug|Any CPU
		{2FB59C7D-5D94-43E0-BFA5-453EC4C67384}.Release|Any CPU.ActiveCfg = Release|Any CPU
		{2FB59C7D-5D94-43E0-BFA5-453EC4C67384}.Release|Any CPU.Build.0 = Release|Any CPU
		{2FCAA929-8114-4C68-8B9E-85B7E6D25F51}.Debug|Any CPU.ActiveCfg = Debug|Any CPU
		{2FCAA929-8114-4C68-8B9E-85B7E6D25F51}.Debug|Any CPU.Build.0 = Debug|Any CPU
		{2FCAA929-8114-4C68-8B9E-85B7E6D25F51}.Release|Any CPU.ActiveCfg = Release|Any CPU
		{2FCAA929-8114-4C68-8B9E-85B7E6D25F51}.Release|Any CPU.Build.0 = Release|Any CPU
		{B5196C4E-D264-450B-8D26-D49A98B999C5}.Debug|Any CPU.ActiveCfg = Debug|Any CPU
		{B5196C4E-D264-450B-8D26-D49A98B999C5}.Debug|Any CPU.Build.0 = Debug|Any CPU
		{B5196C4E-D264-450B-8D26-D49A98B999C5}.Release|Any CPU.ActiveCfg = Release|Any CPU
		{B5196C4E-D264-450B-8D26-D49A98B999C5}.Release|Any CPU.Build.0 = Release|Any CPU
		{F1D32590-9A81-4BBF-86A1-7FF2348A17A3}.Debug|Any CPU.ActiveCfg = Debug|Any CPU
		{F1D32590-9A81-4BBF-86A1-7FF2348A17A3}.Debug|Any CPU.Build.0 = Debug|Any CPU
		{F1D32590-9A81-4BBF-86A1-7FF2348A17A3}.Release|Any CPU.ActiveCfg = Release|Any CPU
		{F1D32590-9A81-4BBF-86A1-7FF2348A17A3}.Release|Any CPU.Build.0 = Release|Any CPU
	EndGlobalSection
	GlobalSection(SolutionProperties) = preSolution
		HideSolutionNode = FALSE
	EndGlobalSection
	GlobalSection(ExtensibilityGlobals) = postSolution
		SolutionGuid = {F3FFAE41-79B1-4E6C-AB8F-9331A5F665B3}
	EndGlobalSection
EndGlobal
