
Microsoft Visual Studio Solution File, Format Version 12.00
# Visual Studio Version 16
VisualStudioVersion = 16.0.31410.357
MinimumVisualStudioVersion = 10.0.40219.1
Project("{9A19103F-16F7-4668-BE54-9A1E7A4F7556}") = "HW_02_task_3", "HW_02_task_3\HW_02_task_3.csproj", "{706B71E1-DC03-4852-88AE-2E3FAFF4A71B}"
EndProject
Project("{9A19103F-16F7-4668-BE54-9A1E7A4F7556}") = "HW_02_task_4", "HW_02_task_4\HW_02_task_4.csproj", "{9A9729D6-FA5B-43DE-A20A-3BDF655B4C54}"
EndProject
Project("{9A19103F-16F7-4668-BE54-9A1E7A4F7556}") = "HW_02_task_1", "HW_02_task_1\HW_02_task_1.csproj", "{B98066FD-6193-4F47-A046-EF0240DA4148}"
EndProject
Project("{9A19103F-16F7-4668-BE54-9A1E7A4F7556}") = "HW_02_task_5", "HW_02_task_5\HW_02_task_5.csproj", "{8FE18D3B-C8C7-41AB-B58D-60DABF91BC26}"
EndProject
Project("{FAE04EC0-301F-11D3-BF4B-00C04F79EFBC}") = "HW_03.Operators", "HW_03\HW_03.Operators\HW_03.Operators.csproj", "{A7AE5648-D6C1-4FF0-977F-0EF1F9D7A7D8}"
EndProject
Project("{FAE04EC0-301F-11D3-BF4B-00C04F79EFBC}") = "HW_03_task5", "HW_03\HW_03_task5\HW_03_task5.csproj", "{B010482B-1053-44F5-A156-558A1C407903}"
EndProject
Project("{FAE04EC0-301F-11D3-BF4B-00C04F79EFBC}") = "HW_03.Birthday", "HW_03\HW_03.Birthday\HW_03.Birthday.csproj", "{DD754850-C7E7-4309-82E3-82097D7840EB}"
EndProject
Project("{FAE04EC0-301F-11D3-BF4B-00C04F79EFBC}") = "HW_03.Calculator", "HW_03\HW_03.Calculator\HW_03.Calculator.csproj", "{7CCF44A8-A487-4536-913B-E979DD2BDF9F}"
EndProject
Project("{FAE04EC0-301F-11D3-BF4B-00C04F79EFBC}") = "HW_03.WASD", "HW_03\HW_03.WASD\HW_03.WASD.csproj", "{0DDE35CF-C140-4F90-8E06-1B666C1DBAD3}"
EndProject
Global
	GlobalSection(SolutionConfigurationPlatforms) = preSolution
		Debug|Any CPU = Debug|Any CPU
		Release|Any CPU = Release|Any CPU
	EndGlobalSection
	GlobalSection(ProjectConfigurationPlatforms) = postSolution
		{706B71E1-DC03-4852-88AE-2E3FAFF4A71B}.Debug|Any CPU.ActiveCfg = Debug|Any CPU
		{706B71E1-DC03-4852-88AE-2E3FAFF4A71B}.Debug|Any CPU.Build.0 = Debug|Any CPU
		{706B71E1-DC03-4852-88AE-2E3FAFF4A71B}.Release|Any CPU.ActiveCfg = Release|Any CPU
		{706B71E1-DC03-4852-88AE-2E3FAFF4A71B}.Release|Any CPU.Build.0 = Release|Any CPU
		{9A9729D6-FA5B-43DE-A20A-3BDF655B4C54}.Debug|Any CPU.ActiveCfg = Debug|Any CPU
		{9A9729D6-FA5B-43DE-A20A-3BDF655B4C54}.Debug|Any CPU.Build.0 = Debug|Any CPU
		{9A9729D6-FA5B-43DE-A20A-3BDF655B4C54}.Release|Any CPU.ActiveCfg = Release|Any CPU
		{9A9729D6-FA5B-43DE-A20A-3BDF655B4C54}.Release|Any CPU.Build.0 = Release|Any CPU
		{B98066FD-6193-4F47-A046-EF0240DA4148}.Debug|Any CPU.ActiveCfg = Debug|Any CPU
		{B98066FD-6193-4F47-A046-EF0240DA4148}.Debug|Any CPU.Build.0 = Debug|Any CPU
		{B98066FD-6193-4F47-A046-EF0240DA4148}.Release|Any CPU.ActiveCfg = Release|Any CPU
		{B98066FD-6193-4F47-A046-EF0240DA4148}.Release|Any CPU.Build.0 = Release|Any CPU
		{8FE18D3B-C8C7-41AB-B58D-60DABF91BC26}.Debug|Any CPU.ActiveCfg = Debug|Any CPU
		{8FE18D3B-C8C7-41AB-B58D-60DABF91BC26}.Debug|Any CPU.Build.0 = Debug|Any CPU
		{8FE18D3B-C8C7-41AB-B58D-60DABF91BC26}.Release|Any CPU.ActiveCfg = Release|Any CPU
		{8FE18D3B-C8C7-41AB-B58D-60DABF91BC26}.Release|Any CPU.Build.0 = Release|Any CPU
		{A7AE5648-D6C1-4FF0-977F-0EF1F9D7A7D8}.Debug|Any CPU.ActiveCfg = Debug|Any CPU
		{A7AE5648-D6C1-4FF0-977F-0EF1F9D7A7D8}.Debug|Any CPU.Build.0 = Debug|Any CPU
		{A7AE5648-D6C1-4FF0-977F-0EF1F9D7A7D8}.Release|Any CPU.ActiveCfg = Release|Any CPU
		{A7AE5648-D6C1-4FF0-977F-0EF1F9D7A7D8}.Release|Any CPU.Build.0 = Release|Any CPU
		{B010482B-1053-44F5-A156-558A1C407903}.Debug|Any CPU.ActiveCfg = Debug|Any CPU
		{B010482B-1053-44F5-A156-558A1C407903}.Debug|Any CPU.Build.0 = Debug|Any CPU
		{B010482B-1053-44F5-A156-558A1C407903}.Release|Any CPU.ActiveCfg = Release|Any CPU
		{B010482B-1053-44F5-A156-558A1C407903}.Release|Any CPU.Build.0 = Release|Any CPU
		{DD754850-C7E7-4309-82E3-82097D7840EB}.Debug|Any CPU.ActiveCfg = Debug|Any CPU
		{DD754850-C7E7-4309-82E3-82097D7840EB}.Debug|Any CPU.Build.0 = Debug|Any CPU
		{DD754850-C7E7-4309-82E3-82097D7840EB}.Release|Any CPU.ActiveCfg = Release|Any CPU
		{DD754850-C7E7-4309-82E3-82097D7840EB}.Release|Any CPU.Build.0 = Release|Any CPU
		{7CCF44A8-A487-4536-913B-E979DD2BDF9F}.Debug|Any CPU.ActiveCfg = Debug|Any CPU
		{7CCF44A8-A487-4536-913B-E979DD2BDF9F}.Debug|Any CPU.Build.0 = Debug|Any CPU
		{7CCF44A8-A487-4536-913B-E979DD2BDF9F}.Release|Any CPU.ActiveCfg = Release|Any CPU
		{7CCF44A8-A487-4536-913B-E979DD2BDF9F}.Release|Any CPU.Build.0 = Release|Any CPU
		{0DDE35CF-C140-4F90-8E06-1B666C1DBAD3}.Debug|Any CPU.ActiveCfg = Debug|Any CPU
		{0DDE35CF-C140-4F90-8E06-1B666C1DBAD3}.Debug|Any CPU.Build.0 = Debug|Any CPU
		{0DDE35CF-C140-4F90-8E06-1B666C1DBAD3}.Release|Any CPU.ActiveCfg = Release|Any CPU
		{0DDE35CF-C140-4F90-8E06-1B666C1DBAD3}.Release|Any CPU.Build.0 = Release|Any CPU
	EndGlobalSection
	GlobalSection(SolutionProperties) = preSolution
		HideSolutionNode = FALSE
	EndGlobalSection
	GlobalSection(ExtensibilityGlobals) = postSolution
		SolutionGuid = {F3FFAE41-79B1-4E6C-AB8F-9331A5F665B3}
	EndGlobalSection
EndGlobal
