
Microsoft Visual Studio Solution File, Format Version 12.00
# Visual Studio Version 16
VisualStudioVersion = 16.0.31515.178
MinimumVisualStudioVersion = 10.0.40219.1
Project("{FAE04EC0-301F-11D3-BF4B-00C04F79EFBC}") = "Task1", "Task1\Task1.csproj", "{838179D5-7A32-400A-A549-4ED9EBFB7871}"
EndProject
Project("{FAE04EC0-301F-11D3-BF4B-00C04F79EFBC}") = "Task2", "Task2\Task2.csproj", "{4928213D-D563-48D4-9787-5F31652E62F4}"
EndProject
Global
	GlobalSection(SolutionConfigurationPlatforms) = preSolution
		Debug|Any CPU = Debug|Any CPU
		Release|Any CPU = Release|Any CPU
	EndGlobalSection
	GlobalSection(ProjectConfigurationPlatforms) = postSolution
		{838179D5-7A32-400A-A549-4ED9EBFB7871}.Debug|Any CPU.ActiveCfg = Debug|Any CPU
		{838179D5-7A32-400A-A549-4ED9EBFB7871}.Debug|Any CPU.Build.0 = Debug|Any CPU
		{838179D5-7A32-400A-A549-4ED9EBFB7871}.Release|Any CPU.ActiveCfg = Release|Any CPU
		{838179D5-7A32-400A-A549-4ED9EBFB7871}.Release|Any CPU.Build.0 = Release|Any CPU
		{4928213D-D563-48D4-9787-5F31652E62F4}.Debug|Any CPU.ActiveCfg = Debug|Any CPU
		{4928213D-D563-48D4-9787-5F31652E62F4}.Debug|Any CPU.Build.0 = Debug|Any CPU
		{4928213D-D563-48D4-9787-5F31652E62F4}.Release|Any CPU.ActiveCfg = Release|Any CPU
		{4928213D-D563-48D4-9787-5F31652E62F4}.Release|Any CPU.Build.0 = Release|Any CPU
	EndGlobalSection
	GlobalSection(SolutionProperties) = preSolution
		HideSolutionNode = FALSE
	EndGlobalSection
	GlobalSection(ExtensibilityGlobals) = postSolution
		SolutionGuid = {04CE7C44-E717-4AEF-AB22-191A01A91DFE}
	EndGlobalSection
EndGlobal
